
Microsoft Visual Studio Solution File, Format Version 12.00
# Visual Studio 2012
Project("{FAE04EC0-301F-11D3-BF4B-00C04F79EFBC}") = "Web", "Web\Web.csproj", "{C56F4711-452D-43FC-9143-DA5392CA902C}"
EndProject
Project("{FAE04EC0-301F-11D3-BF4B-00C04F79EFBC}") = "Tools", "Tools\Tools.csproj", "{33A9085D-DBF1-43DB-B05A-49D538512BC1}"
EndProject
Global
	GlobalSection(SolutionConfigurationPlatforms) = preSolution
		Debug|Any CPU = Debug|Any CPU
		Release|Any CPU = Release|Any CPU
	EndGlobalSection
	GlobalSection(ProjectConfigurationPlatforms) = postSolution
		{C56F4711-452D-43FC-9143-DA5392CA902C}.Debug|Any CPU.ActiveCfg = Debug|Any CPU
		{C56F4711-452D-43FC-9143-DA5392CA902C}.Debug|Any CPU.Build.0 = Debug|Any CPU
		{C56F4711-452D-43FC-9143-DA5392CA902C}.Release|Any CPU.ActiveCfg = Release|Any CPU
		{C56F4711-452D-43FC-9143-DA5392CA902C}.Release|Any CPU.Build.0 = Release|Any CPU
		{33A9085D-DBF1-43DB-B05A-49D538512BC1}.Debug|Any CPU.ActiveCfg = Debug|Any CPU
		{33A9085D-DBF1-43DB-B05A-49D538512BC1}.Debug|Any CPU.Build.0 = Debug|Any CPU
		{33A9085D-DBF1-43DB-B05A-49D538512BC1}.Release|Any CPU.ActiveCfg = Release|Any CPU
		{33A9085D-DBF1-43DB-B05A-49D538512BC1}.Release|Any CPU.Build.0 = Release|Any CPU
	EndGlobalSection
	GlobalSection(SolutionProperties) = preSolution
		HideSolutionNode = FALSE
	EndGlobalSection
EndGlobal
